
Microsoft Visual Studio Solution File, Format Version 12.00
# Visual Studio Version 17
VisualStudioVersion = 17.11.35312.102
MinimumVisualStudioVersion = 10.0.40219.1
Project("{9A19103F-16F7-4668-BE54-9A1E7A4F7556}") = "AttendanceAgent.Core", "AttendanceAgent.Core\AttendanceAgent.Core.csproj", "{B63DFF9A-40C3-441D-8847-EA6C41A76075}"
EndProject
Project("{9A19103F-16F7-4668-BE54-9A1E7A4F7556}") = "AttendanceAgent.Service", "AttendanceAgent.Service\AttendanceAgent.Service.csproj", "{C11DB2B0-9101-402D-8BE5-E7B988AA915F}"
EndProject
Project("{9A19103F-16F7-4668-BE54-9A1E7A4F7556}") = "AttendanceAgent.Console", "AttendanceAgent.Console\AttendanceAgent.Console.csproj", "{33DA698C-6F2D-498B-B4A0-F51B231E22AF}"
EndProject
Global
	GlobalSection(SolutionConfigurationPlatforms) = preSolution
		Debug|Any CPU = Debug|Any CPU
		Debug|x64 = Debug|x64
		Release|Any CPU = Release|Any CPU
		Release|x64 = Release|x64
	EndGlobalSection
	GlobalSection(ProjectConfigurationPlatforms) = postSolution
		{B63DFF9A-40C3-441D-8847-EA6C41A76075}.Debug|Any CPU.ActiveCfg = Debug|Any CPU
		{B63DFF9A-40C3-441D-8847-EA6C41A76075}.Debug|Any CPU.Build.0 = Debug|Any CPU
		{B63DFF9A-40C3-441D-8847-EA6C41A76075}.Debug|x64.ActiveCfg = Debug|x64
		{B63DFF9A-40C3-441D-8847-EA6C41A76075}.Debug|x64.Build.0 = Debug|x64
		{B63DFF9A-40C3-441D-8847-EA6C41A76075}.Release|Any CPU.ActiveCfg = Release|Any CPU
		{B63DFF9A-40C3-441D-8847-EA6C41A76075}.Release|Any CPU.Build.0 = Release|Any CPU
		{B63DFF9A-40C3-441D-8847-EA6C41A76075}.Release|x64.ActiveCfg = Release|x64
		{B63DFF9A-40C3-441D-8847-EA6C41A76075}.Release|x64.Build.0 = Release|x64
		{C11DB2B0-9101-402D-8BE5-E7B988AA915F}.Debug|Any CPU.ActiveCfg = Debug|Any CPU
		{C11DB2B0-9101-402D-8BE5-E7B988AA915F}.Debug|Any CPU.Build.0 = Debug|Any CPU
		{C11DB2B0-9101-402D-8BE5-E7B988AA915F}.Debug|x64.ActiveCfg = Debug|x64
		{C11DB2B0-9101-402D-8BE5-E7B988AA915F}.Debug|x64.Build.0 = Debug|x64
		{C11DB2B0-9101-402D-8BE5-E7B988AA915F}.Release|Any CPU.ActiveCfg = Release|Any CPU
		{C11DB2B0-9101-402D-8BE5-E7B988AA915F}.Release|Any CPU.Build.0 = Release|Any CPU
		{C11DB2B0-9101-402D-8BE5-E7B988AA915F}.Release|x64.ActiveCfg = Release|x64
		{C11DB2B0-9101-402D-8BE5-E7B988AA915F}.Release|x64.Build.0 = Release|x64
		{33DA698C-6F2D-498B-B4A0-F51B231E22AF}.Debug|Any CPU.ActiveCfg = Debug|Any CPU
		{33DA698C-6F2D-498B-B4A0-F51B231E22AF}.Debug|Any CPU.Build.0 = Debug|Any CPU
		{33DA698C-6F2D-498B-B4A0-F51B231E22AF}.Debug|x64.ActiveCfg = Debug|x64
		{33DA698C-6F2D-498B-B4A0-F51B231E22AF}.Debug|x64.Build.0 = Debug|x64
		{33DA698C-6F2D-498B-B4A0-F51B231E22AF}.Release|Any CPU.ActiveCfg = Release|Any CPU
		{33DA698C-6F2D-498B-B4A0-F51B231E22AF}.Release|Any CPU.Build.0 = Release|Any CPU
		{33DA698C-6F2D-498B-B4A0-F51B231E22AF}.Release|x64.ActiveCfg = Release|x64
		{33DA698C-6F2D-498B-B4A0-F51B231E22AF}.Release|x64.Build.0 = Release|x64
	EndGlobalSection
	GlobalSection(SolutionProperties) = preSolution
		HideSolutionNode = FALSE
	EndGlobalSection
	GlobalSection(ExtensibilityGlobals) = postSolution
		SolutionGuid = {30CD7AD4-4E56-4661-B717-DECF369C3FE3}
	EndGlobalSection
EndGlobal
